
Microsoft Visual Studio Solution File, Format Version 12.00
# Visual Studio 14
VisualStudioVersion = 14.0.25420.1
MinimumVisualStudioVersion = 10.0.40219.1
Project("{FAE04EC0-301F-11D3-BF4B-00C04F79EFBC}") = "RETour", "RETour\RETour.csproj", "{C19F4E48-55D1-41D1-84F1-9E02DC0AABC9}"
EndProject
Project("{FAE04EC0-301F-11D3-BF4B-00C04F79EFBC}") = "REHookLib", "REHookLib\REHookLib.csproj", "{7662888A-B437-4037-AE03-FEEC6B01A670}"
EndProject
Project("{FAE04EC0-301F-11D3-BF4B-00C04F79EFBC}") = "ResidentEvilLauncher", "ResidentEvilLauncher\ResidentEvilLauncher.csproj", "{E8E5F67B-D54E-4121-A6F1-D32FA30C8B0D}"
EndProject
Global
	GlobalSection(SolutionConfigurationPlatforms) = preSolution
		Debug|Any CPU = Debug|Any CPU
		Release|Any CPU = Release|Any CPU
	EndGlobalSection
	GlobalSection(ProjectConfigurationPlatforms) = postSolution
		{C19F4E48-55D1-41D1-84F1-9E02DC0AABC9}.Debug|Any CPU.ActiveCfg = Debug|Any CPU
		{C19F4E48-55D1-41D1-84F1-9E02DC0AABC9}.Debug|Any CPU.Build.0 = Debug|Any CPU
		{C19F4E48-55D1-41D1-84F1-9E02DC0AABC9}.Release|Any CPU.ActiveCfg = Release|Any CPU
		{C19F4E48-55D1-41D1-84F1-9E02DC0AABC9}.Release|Any CPU.Build.0 = Release|Any CPU
		{7662888A-B437-4037-AE03-FEEC6B01A670}.Debug|Any CPU.ActiveCfg = Debug|Any CPU
		{7662888A-B437-4037-AE03-FEEC6B01A670}.Debug|Any CPU.Build.0 = Debug|Any CPU
		{7662888A-B437-4037-AE03-FEEC6B01A670}.Release|Any CPU.ActiveCfg = Release|Any CPU
		{7662888A-B437-4037-AE03-FEEC6B01A670}.Release|Any CPU.Build.0 = Release|Any CPU
		{E8E5F67B-D54E-4121-A6F1-D32FA30C8B0D}.Debug|Any CPU.ActiveCfg = Debug|Any CPU
		{E8E5F67B-D54E-4121-A6F1-D32FA30C8B0D}.Debug|Any CPU.Build.0 = Debug|Any CPU
		{E8E5F67B-D54E-4121-A6F1-D32FA30C8B0D}.Release|Any CPU.ActiveCfg = Release|Any CPU
		{E8E5F67B-D54E-4121-A6F1-D32FA30C8B0D}.Release|Any CPU.Build.0 = Release|Any CPU
	EndGlobalSection
	GlobalSection(SolutionProperties) = preSolution
		HideSolutionNode = FALSE
	EndGlobalSection
EndGlobal
